<?xml version="1.0" encoding="utf-8"?>
<Project ToolsVersion="4.0" xmlns="http://schemas.microsoft.com/developer/msbuild/2003">
  <ItemGroup>
    <Filter Include="Source Files">
      <UniqueIdentifier>{4FC737F1-C7A5-4376-A066-2A32D752A2FF}</UniqueIdentifier>
      <Extensions>cpp;c;cc;cxx;def;odl;idl;hpj;bat;asm;asmx</Extensions>
    </Filter>
    <Filter Include="Source Files\core">
      <UniqueIdentifier>{c8720dff-f660-4c29-8e3e-6daccc6ab9d8}</UniqueIdentifier>
    </Filter>
    <Filter Include="Source Files\rendering">
      <UniqueIdentifier>{14355da4-e2aa-468e-aa0a-2ceebae95d2e}</UniqueIdentifier>
    </Filter>
    <Filter Include="Source Files\input">
      <UniqueIdentifier>{06d335d8-ec7f-4035-a71c-5a227c44fd3a}</UniqueIdentifier>
    </Filter>
  </ItemGroup>
  <ItemGroup>
    <ClCompile Include="main.cpp">
      <Filter>Source Files</Filter>
    </ClCompile>
    <ClCompile Include="Engine.cpp">
      <Filter>Source Files\core</Filter>
    </ClCompile>
    <ClCompile Include="OpenGLDisplay.cpp">
      <Filter>Source Files\rendering</Filter>
    </ClCompile>
    <ClCompile Include="Keyboard.cpp">
      <Filter>Source Files\input</Filter>
    </ClCompile>
    <ClCompile Include="Mouse.cpp">
      <Filter>Source Files\input</Filter>
    </ClCompile>
    <ClCompile Include="Sprite.cpp">
      <Filter>Source Files\rendering</Filter>
    </ClCompile>
    <ClCompile Include="Shader.cpp">
      <Filter>Source Files\rendering</Filter>
    </ClCompile>
  </ItemGroup>
  <ItemGroup>
    <ClInclude Include="Engine.h">
      <Filter>Source Files\core</Filter>
    </ClInclude>
    <ClInclude Include="Keyboard.h">
      <Filter>Source Files\input</Filter>
    </ClInclude>
    <ClInclude Include="Mouse.h">
      <Filter>Source Files\input</Filter>
    </ClInclude>
    <ClInclude Include="IDisplay.h">
      <Filter>Source Files\rendering</Filter>
    </ClInclude>
    <ClInclude Include="OpenGLDisplay.h">
      <Filter>Source Files\rendering</Filter>
    </ClInclude>
    <ClInclude Include="Sprite.h">
      <Filter>Source Files\rendering</Filter>
    </ClInclude>
    <ClInclude Include="Shader.h">
      <Filter>Source Files\rendering</Filter>
    </ClInclude>
    <ClInclude Include="Vertex.h">
      <Filter>Source Files\rendering</Filter>
    </ClInclude>
  </ItemGroup>
</Project>